%{"erlexec": {:hex, :erlexec, "1.6.4", "350ad514f5c2d4b7eebd1f3ba63f428a83fd0b8bb84fdf7b8131e5de9e11708f", [:rebar3], []},
  "gproc": {:hex, :gproc, "0.6.1", "4579663e5677970758a05d8f65d13c3e9814ec707ad51d8dcef7294eda1a730c", [:rebar3], []},
  "recon": {:hex, :recon, "2.2.1", "4bb21badd51a32ad50edcce54e5312acf079a3bc770f266c1997071c7fcadf17", [:rebar], []}}
